// !$*UTF8*$!
{
	archiveVersion = 1;
	classes = {
	};
	objectVersion = 56;
	objects = {

/* Begin PBXBuildFile section */
		2759E0F329BC7AF300B89744 /* ProgrammaticNavigationApp.swift in Sources */ = {isa = PBXBuildFile; fileRef = 2759E0F229BC7AF300B89744 /* ProgrammaticNavigationApp.swift */; };
		2759E0F529BC7AF300B89744 /* ContentView.swift in Sources */ = {isa = PBXBuildFile; fileRef = 2759E0F429BC7AF300B89744 /* ContentView.swift */; };
		2759E0F729BC7AF400B89744 /* Assets.xcassets in Resources */ = {isa = PBXBuildFile; fileRef = 2759E0F629BC7AF400B89744 /* Assets.xcassets */; };
		2759E0FA29BC7AF400B89744 /* Preview Assets.xcassets in Resources */ = {isa = PBXBuildFile; fileRef = 2759E0F929BC7AF400B89744 /* Preview Assets.xcassets */; };
		2759E10129BC7BA000B89744 /* ViewDestination.swift in Sources */ = {isa = PBXBuildFile; fileRef = 2759E10029BC7BA000B89744 /* ViewDestination.swift */; };
		2759E10329BC7C5200B89744 /* NavRouter.swift in Sources */ = {isa = PBXBuildFile; fileRef = 2759E10229BC7C5200B89744 /* NavRouter.swift */; };
		2759E10629BC7CE400B89744 /* ListView.swift in Sources */ = {isa = PBXBuildFile; fileRef = 2759E10529BC7CE400B89744 /* ListView.swift */; };
		2759E10829BC7E1B00B89744 /* OtherView.swift in Sources */ = {isa = PBXBuildFile; fileRef = 2759E10729BC7E1B00B89744 /* OtherView.swift */; };
		2759E10A29BC7E4200B89744 /* DetailView.swift in Sources */ = {isa = PBXBuildFile; fileRef = 2759E10929BC7E4200B89744 /* DetailView.swift */; };
/* End PBXBuildFile section */

/* Begin PBXFileReference section */
		2759E0EF29BC7AF300B89744 /* ProgrammaticNavigation.app */ = {isa = PBXFileReference; explicitFileType = wrapper.application; includeInIndex = 0; path = ProgrammaticNavigation.app; sourceTree = BUILT_PRODUCTS_DIR; };
		2759E0F229BC7AF300B89744 /* ProgrammaticNavigationApp.swift */ = {isa = PBXFileReference; lastKnownFileType = sourcecode.swift; path = ProgrammaticNavigationApp.swift; sourceTree = "<group>"; };
		2759E0F429BC7AF300B89744 /* ContentView.swift */ = {isa = PBXFileReference; lastKnownFileType = sourcecode.swift; path = ContentView.swift; sourceTree = "<group>"; };
		2759E0F629BC7AF400B89744 /* Assets.xcassets */ = {isa = PBXFileReference; lastKnownFileType = folder.assetcatalog; path = Assets.xcassets; sourceTree = "<group>"; };
		2759E0F929BC7AF400B89744 /* Preview Assets.xcassets */ = {isa = PBXFileReference; lastKnownFileType = folder.assetcatalog; path = "Preview Assets.xcassets"; sourceTree = "<group>"; };
		2759E10029BC7BA000B89744 /* ViewDestination.swift */ = {isa = PBXFileReference; lastKnownFileType = sourcecode.swift; path = ViewDestination.swift; sourceTree = "<group>"; };
		2759E10229BC7C5200B89744 /* NavRouter.swift */ = {isa = PBXFileReference; lastKnownFileType = sourcecode.swift; path = NavRouter.swift; sourceTree = "<group>"; };
		2759E10529BC7CE400B89744 /* ListView.swift */ = {isa = PBXFileReference; lastKnownFileType = sourcecode.swift; path = ListView.swift; sourceTree = "<group>"; };
		2759E10729BC7E1B00B89744 /* OtherView.swift */ = {isa = PBXFileReference; lastKnownFileType = sourcecode.swift; path = OtherView.swift; sourceTree = "<group>"; };
		2759E10929BC7E4200B89744 /* DetailView.swift */ = {isa = PBXFileReference; lastKnownFileType = sourcecode.swift; path = DetailView.swift; sourceTree = "<group>"; };
/* End PBXFileReference section */

/* Begin PBXFrameworksBuildPhase section */
		2759E0EC29BC7AF300B89744 /* Frameworks */ = {
			isa = PBXFrameworksBuildPhase;
			buildActionMask = 2147483647;
			files = (
			);
			runOnlyForDeploymentPostprocessing = 0;
		};
/* End PBXFrameworksBuildPhase section */

/* Begin PBXGroup section */
		2759E0E629BC7AF300B89744 = {
			isa = PBXGroup;
			children = (
				2759E0F129BC7AF300B89744 /* ProgrammaticNavigation */,
				2759E0F029BC7AF300B89744 /* Products */,
			);
			sourceTree = "<group>";
		};
		2759E0F029BC7AF300B89744 /* Products */ = {
			isa = PBXGroup;
			children = (
				2759E0EF29BC7AF300B89744 /* ProgrammaticNavigation.app */,
			);
			name = Products;
			sourceTree = "<group>";
		};
		2759E0F129BC7AF300B89744 /* ProgrammaticNavigation */ = {
			isa = PBXGroup;
			children = (
				2759E0F229BC7AF300B89744 /* ProgrammaticNavigationApp.swift */,
				2759E10229BC7C5200B89744 /* NavRouter.swift */,
				2759E10029BC7BA000B89744 /* ViewDestination.swift */,
				2759E10429BC7CDB00B89744 /* Views */,
				2759E0F629BC7AF400B89744 /* Assets.xcassets */,
				2759E0F829BC7AF400B89744 /* Preview Content */,
			);
			path = ProgrammaticNavigation;
			sourceTree = "<group>";
		};
		2759E0F829BC7AF400B89744 /* Preview Content */ = {
			isa = PBXGroup;
			children = (
				2759E0F929BC7AF400B89744 /* Preview Assets.xcassets */,
			);
			path = "Preview Content";
			sourceTree = "<group>";
		};
		2759E10429BC7CDB00B89744 /* Views */ = {
			isa = PBXGroup;
			children = (
				2759E0F429BC7AF300B89744 /* ContentView.swift */,
				2759E10529BC7CE400B89744 /* ListView.swift */,
				2759E10729BC7E1B00B89744 /* OtherView.swift */,
				2759E10929BC7E4200B89744 /* DetailView.swift */,
			);
			path = Views;
			sourceTree = "<group>";
		};
/* End PBXGroup section */

/* Begin PBXNativeTarget section */
		2759E0EE29BC7AF300B89744 /* ProgrammaticNavigation */ = {
			isa = PBXNativeTarget;
			buildConfigurationList = 2759E0FD29BC7AF400B89744 /* Build configuration list for PBXNativeTarget "ProgrammaticNavigation" */;
			buildPhases = (
				2759E0EB29BC7AF300B89744 /* Sources */,
				2759E0EC29BC7AF300B89744 /* Frameworks */,
				2759E0ED29BC7AF300B89744 /* Resources */,
			);
			buildRules = (
			);
			dependencies = (
			);
			name = ProgrammaticNavigation;
			productName = ProgrammaticNavigation;
			productReference = 2759E0EF29BC7AF300B89744 /* ProgrammaticNavigation.app */;
			productType = "com.apple.product-type.application";
		};
/* End PBXNativeTarget section */

/* Begin PBXProject section */
		2759E0E729BC7AF300B89744 /* Project object */ = {
			isa = PBXProject;
			attributes = {
				BuildIndependentTargetsInParallel = 1;
				LastSwiftUpdateCheck = 1410;
				LastUpgradeCheck = 1410;
				TargetAttributes = {
					2759E0EE29BC7AF300B89744 = {
						CreatedOnToolsVersion = 14.1;
					};
				};
			};
			buildConfigurationList = 2759E0EA29BC7AF300B89744 /* Build configuration list for PBXProject "ProgrammaticNavigation" */;
			compatibilityVersion = "Xcode 14.0";
			developmentRegion = en;
			hasScannedForEncodings = 0;
			knownRegions = (
				en,
				Base,
			);
			mainGroup = 2759E0E629BC7AF300B89744;
			productRefGroup = 2759E0F029BC7AF300B89744 /* Products */;
			projectDirPath = "";
			projectRoot = "";
			targets = (
				2759E0EE29BC7AF300B89744 /* ProgrammaticNavigation */,
			);
		};
/* End PBXProject section */

/* Begin PBXResourcesBuildPhase section */
		2759E0ED29BC7AF300B89744 /* Resources */ = {
			isa = PBXResourcesBuildPhase;
			buildActionMask = 2147483647;
			files = (
				2759E0FA29BC7AF400B89744 /* Preview Assets.xcassets in Resources */,
				2759E0F729BC7AF400B89744 /* Assets.xcassets in Resources */,
			);
			runOnlyForDeploymentPostprocessing = 0;
		};
/* End PBXResourcesBuildPhase section */

/* Begin PBXSourcesBuildPhase section */
		2759E0EB29BC7AF300B89744 /* Sources */ = {
			isa = PBXSourcesBuildPhase;
			buildActionMask = 2147483647;
			files = (
				2759E10329BC7C5200B89744 /* NavRouter.swift in Sources */,
				2759E0F529BC7AF300B89744 /* ContentView.swift in Sources */,
				2759E10629BC7CE400B89744 /* ListView.swift in Sources */,
				2759E10A29BC7E4200B89744 /* DetailView.swift in Sources */,
				2759E0F329BC7AF300B89744 /* ProgrammaticNavigationApp.swift in Sources */,
				2759E10129BC7BA000B89744 /* ViewDestination.swift in Sources */,
				2759E10829BC7E1B00B89744 /* OtherView.swift in Sources */,
			);
			runOnlyForDeploymentPostprocessing = 0;
		};
/* End PBXSourcesBuildPhase section */

/* Begin XCBuildConfiguration section */
		2759E0FB29BC7AF400B89744 /* Debug */ = {
			isa = XCBuildConfiguration;
			buildSettings = {
				ALWAYS_SEARCH_USER_PATHS = NO;
				CLANG_ANALYZER_NONNULL = YES;
				CLANG_ANALYZER_NUMBER_OBJECT_CONVERSION = YES_AGGRESSIVE;
				CLANG_CXX_LANGUAGE_STANDARD = "gnu++20";
				CLANG_ENABLE_MODULES = YES;
				CLANG_ENABLE_OBJC_ARC = YES;
				CLANG_ENABLE_OBJC_WEAK = YES;
				CLANG_WARN_BLOCK_CAPTURE_AUTORELEASING = YES;
				CLANG_WARN_BOOL_CONVERSION = YES;
				CLANG_WARN_COMMA = YES;
				CLANG_WARN_CONSTANT_CONVERSION = YES;
				CLANG_WARN_DEPRECATED_OBJC_IMPLEMENTATIONS = YES;
				CLANG_WARN_DIRECT_OBJC_ISA_USAGE = YES_ERROR;
				CLANG_WARN_DOCUMENTATION_COMMENTS = YES;
				CLANG_WARN_EMPTY_BODY = YES;
				CLANG_WARN_ENUM_CONVERSION = YES;
				CLANG_WARN_INFINITE_RECURSION = YES;
				CLANG_WARN_INT_CONVERSION = YES;
				CLANG_WARN_NON_LITERAL_NULL_CONVERSION = YES;
				CLANG_WARN_OBJC_IMPLICIT_RETAIN_SELF = YES;
				CLANG_WARN_OBJC_LITERAL_CONVERSION = YES;
				CLANG_WARN_OBJC_ROOT_CLASS = YES_ERROR;
				CLANG_WARN_QUOTED_INCLUDE_IN_FRAMEWORK_HEADER = YES;
				CLANG_WARN_RANGE_LOOP_ANALYSIS = YES;
				CLANG_WARN_STRICT_PROTOTYPES = YES;
				CLANG_WARN_SUSPICIOUS_MOVE = YES;
				CLANG_WARN_UNGUARDED_AVAILABILITY = YES_AGGRESSIVE;
				CLANG_WARN_UNREACHABLE_CODE = YES;
				CLANG_WARN__DUPLICATE_METHOD_MATCH = YES;
				COPY_PHASE_STRIP = NO;
				DEBUG_INFORMATION_FORMAT = dwarf;
				ENABLE_STRICT_OBJC_MSGSEND = YES;
				ENABLE_TESTABILITY = YES;
				GCC_C_LANGUAGE_STANDARD = gnu11;
				GCC_DYNAMIC_NO_PIC = NO;
				GCC_NO_COMMON_BLOCKS = YES;
				GCC_OPTIMIZATION_LEVEL = 0;
				GCC_PREPROCESSOR_DEFINITIONS = (
					"DEBUG=1",
					"$(inherited)",
				);
				GCC_WARN_64_TO_32_BIT_CONVERSION = YES;
				GCC_WARN_ABOUT_RETURN_TYPE = YES_ERROR;
				GCC_WARN_UNDECLARED_SELECTOR = YES;
				GCC_WARN_UNINITIALIZED_AUTOS = YES_AGGRESSIVE;
				GCC_WARN_UNUSED_FUNCTION = YES;
				GCC_WARN_UNUSED_VARIABLE = YES;
				IPHONEOS_DEPLOYMENT_TARGET = 16.0;
				MTL_ENABLE_DEBUG_INFO = INCLUDE_SOURCE;
				MTL_FAST_MATH = YES;
				ONLY_ACTIVE_ARCH = YES;
				SDKROOT = iphoneos;
				SWIFT_ACTIVE_COMPILATION_CONDITIONS = DEBUG;
				SWIFT_OPTIMIZATION_LEVEL = "-Onone";
			};
			name = Debug;
		};
		2759E0FC29BC7AF400B89744 /* Release */ = {
			isa = XCBuildConfiguration;
			buildSettings = {
				ALWAYS_SEARCH_USER_PATHS = NO;
				CLANG_ANALYZER_NONNULL = YES;
				CLANG_ANALYZER_NUMBER_OBJECT_CONVERSION = YES_AGGRESSIVE;
				CLANG_CXX_LANGUAGE_STANDARD = "gnu++20";
				CLANG_ENABLE_MODULES = YES;
				CLANG_ENABLE_OBJC_ARC = YES;
				CLANG_ENABLE_OBJC_WEAK = YES;
				CLANG_WARN_BLOCK_CAPTURE_AUTORELEASING = YES;
				CLANG_WARN_BOOL_CONVERSION = YES;
				CLANG_WARN_COMMA = YES;
				CLANG_WARN_CONSTANT_CONVERSION = YES;
				CLANG_WARN_DEPRECATED_OBJC_IMPLEMENTATIONS = YES;
				CLANG_WARN_DIRECT_OBJC_ISA_USAGE = YES_ERROR;
				CLANG_WARN_DOCUMENTATION_COMMENTS = YES;
				CLANG_WARN_EMPTY_BODY = YES;
				CLANG_WARN_ENUM_CONVERSION = YES;
				CLANG_WARN_INFINITE_RECURSION = YES;
				CLANG_WARN_INT_CONVERSION = YES;
				CLANG_WARN_NON_LITERAL_NULL_CONVERSION = YES;
				CLANG_WARN_OBJC_IMPLICIT_RETAIN_SELF = YES;
				CLANG_WARN_OBJC_LITERAL_CONVERSION = YES;
				CLANG_WARN_OBJC_ROOT_CLASS = YES_ERROR;
				CLANG_WARN_QUOTED_INCLUDE_IN_FRAMEWORK_HEADER = YES;
				CLANG_WARN_RANGE_LOOP_ANALYSIS = YES;
				CLANG_WARN_STRICT_PROTOTYPES = YES;
				CLANG_WARN_SUSPICIOUS_MOVE = YES;
				CLANG_WARN_UNGUARDED_AVAILABILITY = YES_AGGRESSIVE;
				CLANG_WARN_UNREACHABLE_CODE = YES;
				CLANG_WARN__DUPLICATE_METHOD_MATCH = YES;
				COPY_PHASE_STRIP = NO;
				DEBUG_INFORMATION_FORMAT = "dwarf-with-dsym";
				ENABLE_NS_ASSERTIONS = NO;
				ENABLE_STRICT_OBJC_MSGSEND = YES;
				GCC_C_LANGUAGE_STANDARD = gnu11;
				GCC_NO_COMMON_BLOCKS = YES;
				GCC_WARN_64_TO_32_BIT_CONVERSION = YES;
				GCC_WARN_ABOUT_RETURN_TYPE = YES_ERROR;
				GCC_WARN_UNDECLARED_SELECTOR = YES;
				GCC_WARN_UNINITIALIZED_AUTOS = YES_AGGRESSIVE;
				GCC_WARN_UNUSED_FUNCTION = YES;
				GCC_WARN_UNUSED_VARIABLE = YES;
				IPHONEOS_DEPLOYMENT_TARGET = 16.0;
				MTL_ENABLE_DEBUG_INFO = NO;
				MTL_FAST_MATH = YES;
				SDKROOT = iphoneos;
				SWIFT_COMPILATION_MODE = wholemodule;
				SWIFT_OPTIMIZATION_LEVEL = "-O";
				VALIDATE_PRODUCT = YES;
			};
			name = Release;
		};
		2759E0FE29BC7AF400B89744 /* Debug */ = {
			isa = XCBuildConfiguration;
			buildSettings = {
				ASSETCATALOG_COMPILER_APPICON_NAME = AppIcon;
				ASSETCATALOG_COMPILER_GLOBAL_ACCENT_COLOR_NAME = AccentColor;
				CODE_SIGN_STYLE = Automatic;
				CURRENT_PROJECT_VERSION = 1;
				DEVELOPMENT_ASSET_PATHS = "\"ProgrammaticNavigation/Preview Content\"";
				DEVELOPMENT_TEAM = 522EW6L79G;
				ENABLE_PREVIEWS = YES;
				GENERATE_INFOPLIST_FILE = YES;
				INFOPLIST_KEY_UIApplicationSceneManifest_Generation = YES;
				INFOPLIST_KEY_UIApplicationSupportsIndirectInputEvents = YES;
				INFOPLIST_KEY_UILaunchScreen_Generation = YES;
				INFOPLIST_KEY_UISupportedInterfaceOrientations_iPad = "UIInterfaceOrientationPortrait UIInterfaceOrientationPortraitUpsideDown UIInterfaceOrientationLandscapeLeft UIInterfaceOrientationLandscapeRight";
				INFOPLIST_KEY_UISupportedInterfaceOrientations_iPhone = "UIInterfaceOrientationPortrait UIInterfaceOrientationLandscapeLeft UIInterfaceOrientationLandscapeRight";
				IPHONEOS_DEPLOYMENT_TARGET = 16.0;
				LD_RUNPATH_SEARCH_PATHS = (
					"$(inherited)",
					"@executable_path/Frameworks",
				);
				MARKETING_VERSION = 1.0;
				PRODUCT_BUNDLE_IDENTIFIER = com.asolanki.ProgrammaticNavigation;
				PRODUCT_NAME = "$(TARGET_NAME)";
				SWIFT_EMIT_LOC_STRINGS = YES;
				SWIFT_VERSION = 5.0;
				TARGETED_DEVICE_FAMILY = "1,2";
			};
			name = Debug;
		};
		2759E0FF29BC7AF400B89744 /* Release */ = {
			isa = XCBuildConfiguration;
			buildSettings = {
				ASSETCATALOG_COMPILER_APPICON_NAME = AppIcon;
				ASSETCATALOG_COMPILER_GLOBAL_ACCENT_COLOR_NAME = AccentColor;
				CODE_SIGN_STYLE = Automatic;
				CURRENT_PROJECT_VERSION = 1;
				DEVELOPMENT_ASSET_PATHS = "\"ProgrammaticNavigation/Preview Content\"";
				DEVELOPMENT_TEAM = 522EW6L79G;
				ENABLE_PREVIEWS = YES;
				GENERATE_INFOPLIST_FILE = YES;
				INFOPLIST_KEY_UIApplicationSceneManifest_Generation = YES;
				INFOPLIST_KEY_UIApplicationSupportsIndirectInputEvents = YES;
				INFOPLIST_KEY_UILaunchScreen_Generation = YES;
				INFOPLIST_KEY_UISupportedInterfaceOrientations_iPad = "UIInterfaceOrientationPortrait UIInterfaceOrientationPortraitUpsideDown UIInterfaceOrientationLandscapeLeft UIInterfaceOrientationLandscapeRight";
				INFOPLIST_KEY_UISupportedInterfaceOrientations_iPhone = "UIInterfaceOrientationPortrait UIInterfaceOrientationLandscapeLeft UIInterfaceOrientationLandscapeRight";
				IPHONEOS_DEPLOYMENT_TARGET = 16.0;
				LD_RUNPATH_SEARCH_PATHS = (
					"$(inherited)",
					"@executable_path/Frameworks",
				);
				MARKETING_VERSION = 1.0;
				PRODUCT_BUNDLE_IDENTIFIER = com.asolanki.ProgrammaticNavigation;
				PRODUCT_NAME = "$(TARGET_NAME)";
				SWIFT_EMIT_LOC_STRINGS = YES;
				SWIFT_VERSION = 5.0;
				TARGETED_DEVICE_FAMILY = "1,2";
			};
			name = Release;
		};
/* End XCBuildConfiguration section */

/* Begin XCConfigurationList section */
		2759E0EA29BC7AF300B89744 /* Build configuration list for PBXProject "ProgrammaticNavigation" */ = {
			isa = XCConfigurationList;
			buildConfigurations = (
				2759E0FB29BC7AF400B89744 /* Debug */,
				2759E0FC29BC7AF400B89744 /* Release */,
			);
			defaultConfigurationIsVisible = 0;
			defaultConfigurationName = Release;
		};
		2759E0FD29BC7AF400B89744 /* Build configuration list for PBXNativeTarget "ProgrammaticNavigation" */ = {
			isa = XCConfigurationList;
			buildConfigurations = (
				2759E0FE29BC7AF400B89744 /* Debug */,
				2759E0FF29BC7AF400B89744 /* Release */,
			);
			defaultConfigurationIsVisible = 0;
			defaultConfigurationName = Release;
		};
/* End XCConfigurationList section */
	};
	rootObject = 2759E0E729BC7AF300B89744 /* Project object */;
}
